schema: '2.0'
stages:
  extract-chunks-c1:
    cmd:
    - python scripts/extract_chunks.py --data_path data/friends/co1 
      --output_path output/co1
    deps:
    - path: data/friends/co1
      hash: md5
      md5: 0188f353253220f1ed040fbfa3d2bf89.dir
      size: 407981
      nfiles: 2
    - path: scripts/extract_chunks.py
      hash: md5
      md5: 2a57927f8e4392739a98fbedc68acf20
      size: 1976
    outs:
    - path: output/co1/chunks.json
      hash: md5
      md5: c69972ca63e6a7d5f1ee79126145e68e
      size: 100393
  extract-chunks-c2:
    cmd:
    - python scripts/extract_chunks.py --data_path data/friends/co2 
      --output_path output/co2
    deps:
    - path: data/friends/co2
      hash: md5
      md5: e80103a9d4fcf8bea1c76a6fe19e09c8.dir
      size: 152099
      nfiles: 1
    - path: scripts/extract_chunks.py
      hash: md5
      md5: 2a57927f8e4392739a98fbedc68acf20
      size: 1976
    outs:
    - path: output/co2/chunks.json
      hash: md5
      md5: 80ac12499eecbf7efc773c4b8a01de14
      size: 38713
  create-index-c1:
    cmd:
    - python scripts/create_index.py --chunks_path output/co1/chunks.json 
      --output_path output/co1/index --collection_name c1_index
    deps:
    - path: output/co1/chunks.json
      hash: md5
      md5: c69972ca63e6a7d5f1ee79126145e68e
      size: 100393
    - path: scripts/create_index.py
      hash: md5
      md5: 760e3ff86cf6e399e5b532f6a07d3cff
      size: 2396
    outs:
    - path: output/co1/index
      hash: md5
      md5: 076a5b3ec7efc3c1ed95a8ec3a922ab0.dir
      size: 1714340
      nfiles: 5
  create-index-c2:
    cmd:
    - python scripts/create_index.py --chunks_path output/co2/chunks.json 
      --output_path output/co2/index --collection_name c2_index
    deps:
    - path: output/co2/chunks.json
      hash: md5
      md5: 80ac12499eecbf7efc773c4b8a01de14
      size: 38713
    - path: scripts/create_index.py
      hash: md5
      md5: 760e3ff86cf6e399e5b532f6a07d3cff
      size: 2396
    outs:
    - path: output/co2/index
      hash: md5
      md5: 29610381f919b5ca8916031dd37f930c.dir
      size: 1067172
      nfiles: 5
